
Microsoft Visual Studio Solution File, Format Version 12.00
# Visual Studio Version 16
VisualStudioVersion = 16.0.30717.126
MinimumVisualStudioVersion = 10.0.40219.1
Project("{9A19103F-16F7-4668-BE54-9A1E7A4F7556}") = "Lab4", "Lab4\Lab4.csproj", "{B16DBF0D-5938-4F06-A42F-6E2CA5576B1D}"
EndProject
Project("{FAE04EC0-301F-11D3-BF4B-00C04F79EFBC}") = "IIG.BinaryFlag", "Lab4\IIG.BinaryFlag-main\IIG.BinaryFlag\IIG.BinaryFlag.csproj", "{31F66863-26A4-4626-9566-BFFFEA52C1A7}"
EndProject
Global
	GlobalSection(SolutionConfigurationPlatforms) = preSolution
		Debug|Any CPU = Debug|Any CPU
		Release|Any CPU = Release|Any CPU
	EndGlobalSection
	GlobalSection(ProjectConfigurationPlatforms) = postSolution
		{B16DBF0D-5938-4F06-A42F-6E2CA5576B1D}.Debug|Any CPU.ActiveCfg = Debug|Any CPU
		{B16DBF0D-5938-4F06-A42F-6E2CA5576B1D}.Debug|Any CPU.Build.0 = Debug|Any CPU
		{B16DBF0D-5938-4F06-A42F-6E2CA5576B1D}.Release|Any CPU.ActiveCfg = Release|Any CPU
		{B16DBF0D-5938-4F06-A42F-6E2CA5576B1D}.Release|Any CPU.Build.0 = Release|Any CPU
		{31F66863-26A4-4626-9566-BFFFEA52C1A7}.Debug|Any CPU.ActiveCfg = Debug|Any CPU
		{31F66863-26A4-4626-9566-BFFFEA52C1A7}.Debug|Any CPU.Build.0 = Debug|Any CPU
		{31F66863-26A4-4626-9566-BFFFEA52C1A7}.Release|Any CPU.ActiveCfg = Release|Any CPU
		{31F66863-26A4-4626-9566-BFFFEA52C1A7}.Release|Any CPU.Build.0 = Release|Any CPU
	EndGlobalSection
	GlobalSection(SolutionProperties) = preSolution
		HideSolutionNode = FALSE
	EndGlobalSection
	GlobalSection(ExtensibilityGlobals) = postSolution
		SolutionGuid = {DE3D6EAD-9A6C-473F-B980-BBDA9952732A}
	EndGlobalSection
EndGlobal
